// !$*UTF8*$!
{
	archiveVersion = 1;
	classes = {
	};
	objectVersion = 77;
	objects = {

/* Begin PBXBuildFile section */
		0501865D2CEF1AE000EAEA64 /* MarkerApp.swift in Sources */ = {isa = PBXBuildFile; fileRef = 0501865C2CEF1AE000EAEA64 /* MarkerApp.swift */; };
		0501865F2CEF1AE000EAEA64 /* ContentView.swift in Sources */ = {isa = PBXBuildFile; fileRef = 0501865E2CEF1AE000EAEA64 /* ContentView.swift */; };
		050186612CEF1AE200EAEA64 /* Assets.xcassets in Resources */ = {isa = PBXBuildFile; fileRef = 050186602CEF1AE200EAEA64 /* Assets.xcassets */; };
		0532ECA62D192E36003635B3 /* Fonts.swift in Sources */ = {isa = PBXBuildFile; fileRef = 0532ECA52D192E34003635B3 /* Fonts.swift */; };
		0532ECA82D193A67003635B3 /* BasicWatermark.swift in Sources */ = {isa = PBXBuildFile; fileRef = 0532ECA72D193A67003635B3 /* BasicWatermark.swift */; };
		0532ECAA2D193A6F003635B3 /* BlurBackgroundWatermark.swift in Sources */ = {isa = PBXBuildFile; fileRef = 0532ECA92D193A6F003635B3 /* BlurBackgroundWatermark.swift */; };
		0532ECAE2D23E147003635B3 /* EditColorSubView.swift in Sources */ = {isa = PBXBuildFile; fileRef = 0532ECAD2D23E138003635B3 /* EditColorSubView.swift */; };
		0532ECB02D23E16A003635B3 /* EditTimeSubView.swift in Sources */ = {isa = PBXBuildFile; fileRef = 0532ECAF2D23E169003635B3 /* EditTimeSubView.swift */; };
		0532ECB22D23E18B003635B3 /* MeshGradientView.swift in Sources */ = {isa = PBXBuildFile; fileRef = 0532ECB12D23E189003635B3 /* MeshGradientView.swift */; };
		0532ECB82D23E32F003635B3 /* Buttons.swift in Sources */ = {isa = PBXBuildFile; fileRef = 0532ECB52D23E1F3003635B3 /* Buttons.swift */; };
		0532ECBA2D269254003635B3 /* EditPhotoDisplayView.swift in Sources */ = {isa = PBXBuildFile; fileRef = 0532ECB92D269252003635B3 /* EditPhotoDisplayView.swift */; };
		0532ECBC2D269291003635B3 /* EditPhotoToolbarView.swift in Sources */ = {isa = PBXBuildFile; fileRef = 0532ECBB2D26928C003635B3 /* EditPhotoToolbarView.swift */; };
		05576E622CF469C800BE1DDD /* Watermark.swift in Sources */ = {isa = PBXBuildFile; fileRef = 05576E612CF469C600BE1DDD /* Watermark.swift */; };
		05576E642CF46A8200BE1DDD /* ExifData.swift in Sources */ = {isa = PBXBuildFile; fileRef = 05576E632CF46A7F00BE1DDD /* ExifData.swift */; };
		05576E662CF46AEE00BE1DDD /* PhotoUtils.swift in Sources */ = {isa = PBXBuildFile; fileRef = 05576E652CF46AED00BE1DDD /* PhotoUtils.swift */; };
		05576E6D2CF46BB100BE1DDD /* SettingsView.swift in Sources */ = {isa = PBXBuildFile; fileRef = 05576E6C2CF46BB100BE1DDD /* SettingsView.swift */; };
		05576E6F2CF46C0900BE1DDD /* Logger.swift in Sources */ = {isa = PBXBuildFile; fileRef = 05576E6E2CF46C0700BE1DDD /* Logger.swift */; };
		05576E792CF47A3600BE1DDD /* MiSans-Demibold.ttf in Resources */ = {isa = PBXBuildFile; fileRef = 05576E772CF47A3600BE1DDD /* MiSans-Demibold.ttf */; };
		05576E7A2CF47A3600BE1DDD /* MiSans-Regular.ttf in Resources */ = {isa = PBXBuildFile; fileRef = 05576E782CF47A3600BE1DDD /* MiSans-Regular.ttf */; };
		057E41092CEF1B2E0005E859 /* Photo.swift in Sources */ = {isa = PBXBuildFile; fileRef = 057E41072CEF1B2E0005E859 /* Photo.swift */; };
		057E410B2CEF1B2E0005E859 /* Common.swift in Sources */ = {isa = PBXBuildFile; fileRef = 057E41062CEF1B2E0005E859 /* Common.swift */; };
		05977A302D2E60CB003E269F /* Location.swift in Sources */ = {isa = PBXBuildFile; fileRef = 05977A2F2D2E60C8003E269F /* Location.swift */; };
		05977A332D2F756E003E269F /* SavePhotoButton.swift in Sources */ = {isa = PBXBuildFile; fileRef = 05977A322D2F7567003E269F /* SavePhotoButton.swift */; };
		05977A352D2F9FB8003E269F /* CameraView.swift in Sources */ = {isa = PBXBuildFile; fileRef = 05977A342D2F9FB4003E269F /* CameraView.swift */; };
		05977A3D2D34F8D6003E269F /* EditCoordinateSubView.swift in Sources */ = {isa = PBXBuildFile; fileRef = 05977A3C2D34F8D6003E269F /* EditCoordinateSubView.swift */; };
		05AC15042CF71D5000EE8F9A /* EditorView.swift in Sources */ = {isa = PBXBuildFile; fileRef = 05AC15032CF71D4700EE8F9A /* EditorView.swift */; };
		05BFE9F72D0C2BA000D02F12 /* ColorUtils.swift in Sources */ = {isa = PBXBuildFile; fileRef = 05BFE9F62D0C2B9D00D02F12 /* ColorUtils.swift */; };
/* End PBXBuildFile section */

/* Begin PBXFileReference section */
		050186592CEF1AE000EAEA64 /* Marker.app */ = {isa = PBXFileReference; explicitFileType = wrapper.application; includeInIndex = 0; path = Marker.app; sourceTree = BUILT_PRODUCTS_DIR; };
		0501865C2CEF1AE000EAEA64 /* MarkerApp.swift */ = {isa = PBXFileReference; lastKnownFileType = sourcecode.swift; path = MarkerApp.swift; sourceTree = "<group>"; };
		0501865E2CEF1AE000EAEA64 /* ContentView.swift */ = {isa = PBXFileReference; lastKnownFileType = sourcecode.swift; path = ContentView.swift; sourceTree = "<group>"; };
		050186602CEF1AE200EAEA64 /* Assets.xcassets */ = {isa = PBXFileReference; lastKnownFileType = folder.assetcatalog; path = Assets.xcassets; sourceTree = "<group>"; };
		050186622CEF1AE200EAEA64 /* Marker.entitlements */ = {isa = PBXFileReference; lastKnownFileType = text.plist.entitlements; path = Marker.entitlements; sourceTree = "<group>"; };
		0532ECA52D192E34003635B3 /* Fonts.swift */ = {isa = PBXFileReference; lastKnownFileType = sourcecode.swift; path = Fonts.swift; sourceTree = "<group>"; };
		0532ECA72D193A67003635B3 /* BasicWatermark.swift */ = {isa = PBXFileReference; lastKnownFileType = sourcecode.swift; path = BasicWatermark.swift; sourceTree = "<group>"; };
		0532ECA92D193A6F003635B3 /* BlurBackgroundWatermark.swift */ = {isa = PBXFileReference; lastKnownFileType = sourcecode.swift; path = BlurBackgroundWatermark.swift; sourceTree = "<group>"; };
		0532ECAD2D23E138003635B3 /* EditColorSubView.swift */ = {isa = PBXFileReference; lastKnownFileType = sourcecode.swift; path = EditColorSubView.swift; sourceTree = "<group>"; };
		0532ECAF2D23E169003635B3 /* EditTimeSubView.swift */ = {isa = PBXFileReference; lastKnownFileType = sourcecode.swift; path = EditTimeSubView.swift; sourceTree = "<group>"; };
		0532ECB12D23E189003635B3 /* MeshGradientView.swift */ = {isa = PBXFileReference; lastKnownFileType = sourcecode.swift; path = MeshGradientView.swift; sourceTree = "<group>"; };
		0532ECB52D23E1F3003635B3 /* Buttons.swift */ = {isa = PBXFileReference; lastKnownFileType = sourcecode.swift; path = Buttons.swift; sourceTree = "<group>"; };
		0532ECB92D269252003635B3 /* EditPhotoDisplayView.swift */ = {isa = PBXFileReference; lastKnownFileType = sourcecode.swift; path = EditPhotoDisplayView.swift; sourceTree = "<group>"; };
		0532ECBB2D26928C003635B3 /* EditPhotoToolbarView.swift */ = {isa = PBXFileReference; lastKnownFileType = sourcecode.swift; path = EditPhotoToolbarView.swift; sourceTree = "<group>"; };
		05576E612CF469C600BE1DDD /* Watermark.swift */ = {isa = PBXFileReference; lastKnownFileType = sourcecode.swift; path = Watermark.swift; sourceTree = "<group>"; };
		05576E632CF46A7F00BE1DDD /* ExifData.swift */ = {isa = PBXFileReference; lastKnownFileType = sourcecode.swift; path = ExifData.swift; sourceTree = "<group>"; };
		05576E652CF46AED00BE1DDD /* PhotoUtils.swift */ = {isa = PBXFileReference; lastKnownFileType = sourcecode.swift; path = PhotoUtils.swift; sourceTree = "<group>"; };
		05576E6C2CF46BB100BE1DDD /* SettingsView.swift */ = {isa = PBXFileReference; lastKnownFileType = sourcecode.swift; path = SettingsView.swift; sourceTree = "<group>"; };
		05576E6E2CF46C0700BE1DDD /* Logger.swift */ = {isa = PBXFileReference; lastKnownFileType = sourcecode.swift; path = Logger.swift; sourceTree = "<group>"; };
		05576E772CF47A3600BE1DDD /* MiSans-Demibold.ttf */ = {isa = PBXFileReference; lastKnownFileType = file; path = "MiSans-Demibold.ttf"; sourceTree = "<group>"; };
		05576E782CF47A3600BE1DDD /* MiSans-Regular.ttf */ = {isa = PBXFileReference; lastKnownFileType = file; path = "MiSans-Regular.ttf"; sourceTree = "<group>"; };
		057E41062CEF1B2E0005E859 /* Common.swift */ = {isa = PBXFileReference; lastKnownFileType = sourcecode.swift; path = Common.swift; sourceTree = "<group>"; };
		057E41072CEF1B2E0005E859 /* Photo.swift */ = {isa = PBXFileReference; lastKnownFileType = sourcecode.swift; path = Photo.swift; sourceTree = "<group>"; };
		057E410D2CF079B80005E859 /* Info.plist */ = {isa = PBXFileReference; lastKnownFileType = text.plist.xml; path = Info.plist; sourceTree = "<group>"; };
		05977A2F2D2E60C8003E269F /* Location.swift */ = {isa = PBXFileReference; lastKnownFileType = sourcecode.swift; path = Location.swift; sourceTree = "<group>"; };
		05977A322D2F7567003E269F /* SavePhotoButton.swift */ = {isa = PBXFileReference; lastKnownFileType = sourcecode.swift; path = SavePhotoButton.swift; sourceTree = "<group>"; };
		05977A342D2F9FB4003E269F /* CameraView.swift */ = {isa = PBXFileReference; lastKnownFileType = sourcecode.swift; path = CameraView.swift; sourceTree = "<group>"; };
		05977A3C2D34F8D6003E269F /* EditCoordinateSubView.swift */ = {isa = PBXFileReference; lastKnownFileType = sourcecode.swift; path = EditCoordinateSubView.swift; sourceTree = "<group>"; };
		05AC15032CF71D4700EE8F9A /* EditorView.swift */ = {isa = PBXFileReference; lastKnownFileType = sourcecode.swift; path = EditorView.swift; sourceTree = "<group>"; };
		05BFE9F62D0C2B9D00D02F12 /* ColorUtils.swift */ = {isa = PBXFileReference; lastKnownFileType = sourcecode.swift; path = ColorUtils.swift; sourceTree = "<group>"; };
/* End PBXFileReference section */

/* Begin PBXFileSystemSynchronizedRootGroup section */
		0501866C2CEF1AE600EAEA64 /* Preview Content */ = {
			isa = PBXFileSystemSynchronizedRootGroup;
			path = "Preview Content";
			sourceTree = "<group>";
		};
/* End PBXFileSystemSynchronizedRootGroup section */

/* Begin PBXFrameworksBuildPhase section */
		050186562CEF1AE000EAEA64 /* Frameworks */ = {
			isa = PBXFrameworksBuildPhase;
			buildActionMask = 2147483647;
			files = (
			);
			runOnlyForDeploymentPostprocessing = 0;
		};
/* End PBXFrameworksBuildPhase section */

/* Begin PBXGroup section */
		050186502CEF1AE000EAEA64 = {
			isa = PBXGroup;
			children = (
				0501865C2CEF1AE000EAEA64 /* MarkerApp.swift */,
				0532ECB32D23E1C4003635B3 /* Pages */,
				05576E672CF46B8100BE1DDD /* Views */,
				0532ECB42D23E1E4003635B3 /* Widgets */,
				05576E602CF469B300BE1DDD /* Utils */,
				05576E5F2CF468FC00BE1DDD /* Models */,
				05576E742CF4770600BE1DDD /* Resources */,
				0501865A2CEF1AE000EAEA64 /* Products */,
			);
			sourceTree = "<group>";
		};
		0501865A2CEF1AE000EAEA64 /* Products */ = {
			isa = PBXGroup;
			children = (
				050186592CEF1AE000EAEA64 /* Marker.app */,
			);
			name = Products;
			sourceTree = "<group>";
		};
		0532ECB32D23E1C4003635B3 /* Pages */ = {
			isa = PBXGroup;
			children = (
				0501865E2CEF1AE000EAEA64 /* ContentView.swift */,
				05AC15032CF71D4700EE8F9A /* EditorView.swift */,
				05977A342D2F9FB4003E269F /* CameraView.swift */,
				05576E6C2CF46BB100BE1DDD /* SettingsView.swift */,
			);
			path = Pages;
			sourceTree = "<group>";
		};
		0532ECB42D23E1E4003635B3 /* Widgets */ = {
			isa = PBXGroup;
			children = (
				0532ECB52D23E1F3003635B3 /* Buttons.swift */,
				05977A322D2F7567003E269F /* SavePhotoButton.swift */,
			);
			path = Widgets;
			sourceTree = "<group>";
		};
		05576E5F2CF468FC00BE1DDD /* Models */ = {
			isa = PBXGroup;
			children = (
				057E41072CEF1B2E0005E859 /* Photo.swift */,
				05576E632CF46A7F00BE1DDD /* ExifData.swift */,
				0532ECA52D192E34003635B3 /* Fonts.swift */,
				05576E612CF469C600BE1DDD /* Watermark.swift */,
				0532ECA72D193A67003635B3 /* BasicWatermark.swift */,
				0532ECA92D193A6F003635B3 /* BlurBackgroundWatermark.swift */,
			);
			path = Models;
			sourceTree = "<group>";
		};
		05576E602CF469B300BE1DDD /* Utils */ = {
			isa = PBXGroup;
			children = (
				05576E6E2CF46C0700BE1DDD /* Logger.swift */,
				057E41062CEF1B2E0005E859 /* Common.swift */,
				05977A2F2D2E60C8003E269F /* Location.swift */,
				05576E652CF46AED00BE1DDD /* PhotoUtils.swift */,
				05BFE9F62D0C2B9D00D02F12 /* ColorUtils.swift */,
			);
			path = Utils;
			sourceTree = "<group>";
		};
		05576E672CF46B8100BE1DDD /* Views */ = {
			isa = PBXGroup;
			children = (
				0532ECB12D23E189003635B3 /* MeshGradientView.swift */,
				0532ECB92D269252003635B3 /* EditPhotoDisplayView.swift */,
				0532ECBB2D26928C003635B3 /* EditPhotoToolbarView.swift */,
				0532ECAD2D23E138003635B3 /* EditColorSubView.swift */,
				0532ECAF2D23E169003635B3 /* EditTimeSubView.swift */,
				05977A3C2D34F8D6003E269F /* EditCoordinateSubView.swift */,
			);
			path = Views;
			sourceTree = "<group>";
		};
		05576E742CF4770600BE1DDD /* Resources */ = {
			isa = PBXGroup;
			children = (
				0501866C2CEF1AE600EAEA64 /* Preview Content */,
				050186602CEF1AE200EAEA64 /* Assets.xcassets */,
				050186622CEF1AE200EAEA64 /* Marker.entitlements */,
				057E410D2CF079B80005E859 /* Info.plist */,
				05576E772CF47A3600BE1DDD /* MiSans-Demibold.ttf */,
				05576E782CF47A3600BE1DDD /* MiSans-Regular.ttf */,
			);
			path = Resources;
			sourceTree = "<group>";
		};
/* End PBXGroup section */

/* Begin PBXNativeTarget section */
		050186582CEF1AE000EAEA64 /* Marker */ = {
			isa = PBXNativeTarget;
			buildConfigurationList = 050186682CEF1AE200EAEA64 /* Build configuration list for PBXNativeTarget "Marker" */;
			buildPhases = (
				050186552CEF1AE000EAEA64 /* Sources */,
				050186562CEF1AE000EAEA64 /* Frameworks */,
				050186572CEF1AE000EAEA64 /* Resources */,
			);
			buildRules = (
			);
			dependencies = (
			);
			fileSystemSynchronizedGroups = (
				0501866C2CEF1AE600EAEA64 /* Preview Content */,
			);
			name = Marker;
			packageProductDependencies = (
			);
			productName = Marker;
			productReference = 050186592CEF1AE000EAEA64 /* Marker.app */;
			productType = "com.apple.product-type.application";
		};
/* End PBXNativeTarget section */

/* Begin PBXProject section */
		050186512CEF1AE000EAEA64 /* Project object */ = {
			isa = PBXProject;
			attributes = {
				BuildIndependentTargetsInParallel = 1;
				LastSwiftUpdateCheck = 1610;
				LastUpgradeCheck = 1620;
				TargetAttributes = {
					050186582CEF1AE000EAEA64 = {
						CreatedOnToolsVersion = 16.1;
					};
				};
			};
			buildConfigurationList = 050186542CEF1AE000EAEA64 /* Build configuration list for PBXProject "Marker" */;
			developmentRegion = "zh-Hans";
			hasScannedForEncodings = 0;
			knownRegions = (
				en,
				Base,
				"zh-Hans",
			);
			mainGroup = 050186502CEF1AE000EAEA64;
			minimizedProjectReferenceProxies = 1;
			preferredProjectObjectVersion = 77;
			productRefGroup = 0501865A2CEF1AE000EAEA64 /* Products */;
			projectDirPath = "";
			projectRoot = "";
			targets = (
				050186582CEF1AE000EAEA64 /* Marker */,
			);
		};
/* End PBXProject section */

/* Begin PBXResourcesBuildPhase section */
		050186572CEF1AE000EAEA64 /* Resources */ = {
			isa = PBXResourcesBuildPhase;
			buildActionMask = 2147483647;
			files = (
				050186612CEF1AE200EAEA64 /* Assets.xcassets in Resources */,
				05576E792CF47A3600BE1DDD /* MiSans-Demibold.ttf in Resources */,
				05576E7A2CF47A3600BE1DDD /* MiSans-Regular.ttf in Resources */,
			);
			runOnlyForDeploymentPostprocessing = 0;
		};
/* End PBXResourcesBuildPhase section */

/* Begin PBXSourcesBuildPhase section */
		050186552CEF1AE000EAEA64 /* Sources */ = {
			isa = PBXSourcesBuildPhase;
			buildActionMask = 2147483647;
			files = (
				0532ECB82D23E32F003635B3 /* Buttons.swift in Sources */,
				0532ECA62D192E36003635B3 /* Fonts.swift in Sources */,
				05977A352D2F9FB8003E269F /* CameraView.swift in Sources */,
				0532ECA82D193A67003635B3 /* BasicWatermark.swift in Sources */,
				0501865F2CEF1AE000EAEA64 /* ContentView.swift in Sources */,
				057E41092CEF1B2E0005E859 /* Photo.swift in Sources */,
				0532ECAA2D193A6F003635B3 /* BlurBackgroundWatermark.swift in Sources */,
				05576E662CF46AEE00BE1DDD /* PhotoUtils.swift in Sources */,
				057E410B2CEF1B2E0005E859 /* Common.swift in Sources */,
				05576E6D2CF46BB100BE1DDD /* SettingsView.swift in Sources */,
				05576E622CF469C800BE1DDD /* Watermark.swift in Sources */,
				05576E6F2CF46C0900BE1DDD /* Logger.swift in Sources */,
				05977A302D2E60CB003E269F /* Location.swift in Sources */,
				0532ECB02D23E16A003635B3 /* EditTimeSubView.swift in Sources */,
				05AC15042CF71D5000EE8F9A /* EditorView.swift in Sources */,
				0532ECAE2D23E147003635B3 /* EditColorSubView.swift in Sources */,
				05BFE9F72D0C2BA000D02F12 /* ColorUtils.swift in Sources */,
				0532ECB22D23E18B003635B3 /* MeshGradientView.swift in Sources */,
				0501865D2CEF1AE000EAEA64 /* MarkerApp.swift in Sources */,
				0532ECBA2D269254003635B3 /* EditPhotoDisplayView.swift in Sources */,
				0532ECBC2D269291003635B3 /* EditPhotoToolbarView.swift in Sources */,
				05576E642CF46A8200BE1DDD /* ExifData.swift in Sources */,
				05977A3D2D34F8D6003E269F /* EditCoordinateSubView.swift in Sources */,
				05977A332D2F756E003E269F /* SavePhotoButton.swift in Sources */,
			);
			runOnlyForDeploymentPostprocessing = 0;
		};
/* End PBXSourcesBuildPhase section */

/* Begin XCBuildConfiguration section */
		050186662CEF1AE200EAEA64 /* Debug */ = {
			isa = XCBuildConfiguration;
			buildSettings = {
				ALWAYS_SEARCH_USER_PATHS = NO;
				ASSETCATALOG_COMPILER_GENERATE_SWIFT_ASSET_SYMBOL_EXTENSIONS = YES;
				CLANG_ANALYZER_NONNULL = YES;
				CLANG_ANALYZER_NUMBER_OBJECT_CONVERSION = YES_AGGRESSIVE;
				CLANG_CXX_LANGUAGE_STANDARD = "gnu++20";
				CLANG_ENABLE_MODULES = YES;
				CLANG_ENABLE_OBJC_ARC = YES;
				CLANG_ENABLE_OBJC_WEAK = YES;
				CLANG_WARN_BLOCK_CAPTURE_AUTORELEASING = YES;
				CLANG_WARN_BOOL_CONVERSION = YES;
				CLANG_WARN_COMMA = YES;
				CLANG_WARN_CONSTANT_CONVERSION = YES;
				CLANG_WARN_DEPRECATED_OBJC_IMPLEMENTATIONS = YES;
				CLANG_WARN_DIRECT_OBJC_ISA_USAGE = YES_ERROR;
				CLANG_WARN_DOCUMENTATION_COMMENTS = YES;
				CLANG_WARN_EMPTY_BODY = YES;
				CLANG_WARN_ENUM_CONVERSION = YES;
				CLANG_WARN_INFINITE_RECURSION = YES;
				CLANG_WARN_INT_CONVERSION = YES;
				CLANG_WARN_NON_LITERAL_NULL_CONVERSION = YES;
				CLANG_WARN_OBJC_IMPLICIT_RETAIN_SELF = YES;
				CLANG_WARN_OBJC_LITERAL_CONVERSION = YES;
				CLANG_WARN_OBJC_ROOT_CLASS = YES_ERROR;
				CLANG_WARN_QUOTED_INCLUDE_IN_FRAMEWORK_HEADER = YES;
				CLANG_WARN_RANGE_LOOP_ANALYSIS = YES;
				CLANG_WARN_STRICT_PROTOTYPES = YES;
				CLANG_WARN_SUSPICIOUS_MOVE = YES;
				CLANG_WARN_UNGUARDED_AVAILABILITY = YES_AGGRESSIVE;
				CLANG_WARN_UNREACHABLE_CODE = YES;
				CLANG_WARN__DUPLICATE_METHOD_MATCH = YES;
				COPY_PHASE_STRIP = NO;
				DEAD_CODE_STRIPPING = YES;
				DEBUG_INFORMATION_FORMAT = dwarf;
				ENABLE_STRICT_OBJC_MSGSEND = YES;
				ENABLE_TESTABILITY = YES;
				ENABLE_USER_SCRIPT_SANDBOXING = YES;
				GCC_C_LANGUAGE_STANDARD = gnu17;
				GCC_DYNAMIC_NO_PIC = NO;
				GCC_NO_COMMON_BLOCKS = YES;
				GCC_OPTIMIZATION_LEVEL = 0;
				GCC_PREPROCESSOR_DEFINITIONS = (
					"DEBUG=1",
					"$(inherited)",
				);
				GCC_WARN_64_TO_32_BIT_CONVERSION = YES;
				GCC_WARN_ABOUT_RETURN_TYPE = YES_ERROR;
				GCC_WARN_UNDECLARED_SELECTOR = YES;
				GCC_WARN_UNINITIALIZED_AUTOS = YES_AGGRESSIVE;
				GCC_WARN_UNUSED_FUNCTION = YES;
				GCC_WARN_UNUSED_VARIABLE = YES;
				LOCALIZATION_PREFERS_STRING_CATALOGS = YES;
				MTL_ENABLE_DEBUG_INFO = INCLUDE_SOURCE;
				MTL_FAST_MATH = YES;
				ONLY_ACTIVE_ARCH = YES;
				SWIFT_ACTIVE_COMPILATION_CONDITIONS = "DEBUG $(inherited)";
				SWIFT_OPTIMIZATION_LEVEL = "-Onone";
			};
			name = Debug;
		};
		050186672CEF1AE200EAEA64 /* Release */ = {
			isa = XCBuildConfiguration;
			buildSettings = {
				ALWAYS_SEARCH_USER_PATHS = NO;
				ASSETCATALOG_COMPILER_GENERATE_SWIFT_ASSET_SYMBOL_EXTENSIONS = YES;
				CLANG_ANALYZER_NONNULL = YES;
				CLANG_ANALYZER_NUMBER_OBJECT_CONVERSION = YES_AGGRESSIVE;
				CLANG_CXX_LANGUAGE_STANDARD = "gnu++20";
				CLANG_ENABLE_MODULES = YES;
				CLANG_ENABLE_OBJC_ARC = YES;
				CLANG_ENABLE_OBJC_WEAK = YES;
				CLANG_WARN_BLOCK_CAPTURE_AUTORELEASING = YES;
				CLANG_WARN_BOOL_CONVERSION = YES;
				CLANG_WARN_COMMA = YES;
				CLANG_WARN_CONSTANT_CONVERSION = YES;
				CLANG_WARN_DEPRECATED_OBJC_IMPLEMENTATIONS = YES;
				CLANG_WARN_DIRECT_OBJC_ISA_USAGE = YES_ERROR;
				CLANG_WARN_DOCUMENTATION_COMMENTS = YES;
				CLANG_WARN_EMPTY_BODY = YES;
				CLANG_WARN_ENUM_CONVERSION = YES;
				CLANG_WARN_INFINITE_RECURSION = YES;
				CLANG_WARN_INT_CONVERSION = YES;
				CLANG_WARN_NON_LITERAL_NULL_CONVERSION = YES;
				CLANG_WARN_OBJC_IMPLICIT_RETAIN_SELF = YES;
				CLANG_WARN_OBJC_LITERAL_CONVERSION = YES;
				CLANG_WARN_OBJC_ROOT_CLASS = YES_ERROR;
				CLANG_WARN_QUOTED_INCLUDE_IN_FRAMEWORK_HEADER = YES;
				CLANG_WARN_RANGE_LOOP_ANALYSIS = YES;
				CLANG_WARN_STRICT_PROTOTYPES = YES;
				CLANG_WARN_SUSPICIOUS_MOVE = YES;
				CLANG_WARN_UNGUARDED_AVAILABILITY = YES_AGGRESSIVE;
				CLANG_WARN_UNREACHABLE_CODE = YES;
				CLANG_WARN__DUPLICATE_METHOD_MATCH = YES;
				COPY_PHASE_STRIP = NO;
				DEAD_CODE_STRIPPING = YES;
				DEBUG_INFORMATION_FORMAT = "dwarf-with-dsym";
				ENABLE_NS_ASSERTIONS = NO;
				ENABLE_STRICT_OBJC_MSGSEND = YES;
				ENABLE_USER_SCRIPT_SANDBOXING = YES;
				GCC_C_LANGUAGE_STANDARD = gnu17;
				GCC_NO_COMMON_BLOCKS = YES;
				GCC_WARN_64_TO_32_BIT_CONVERSION = YES;
				GCC_WARN_ABOUT_RETURN_TYPE = YES_ERROR;
				GCC_WARN_UNDECLARED_SELECTOR = YES;
				GCC_WARN_UNINITIALIZED_AUTOS = YES_AGGRESSIVE;
				GCC_WARN_UNUSED_FUNCTION = YES;
				GCC_WARN_UNUSED_VARIABLE = YES;
				LOCALIZATION_PREFERS_STRING_CATALOGS = YES;
				MTL_ENABLE_DEBUG_INFO = NO;
				MTL_FAST_MATH = YES;
				SWIFT_COMPILATION_MODE = wholemodule;
			};
			name = Release;
		};
		050186692CEF1AE200EAEA64 /* Debug */ = {
			isa = XCBuildConfiguration;
			buildSettings = {
				ASSETCATALOG_COMPILER_APPICON_NAME = AppIcon;
				ASSETCATALOG_COMPILER_GLOBAL_ACCENT_COLOR_NAME = AccentColor;
				ASSETCATALOG_COMPILER_INCLUDE_ALL_APPICON_ASSETS = NO;
				CODE_SIGN_ENTITLEMENTS = Resources/Marker.entitlements;
				CODE_SIGN_STYLE = Automatic;
				CURRENT_PROJECT_VERSION = 1;
				DEAD_CODE_STRIPPING = YES;
				DEVELOPMENT_ASSET_PATHS = "Resources/\"Preview Content\"";
				DEVELOPMENT_TEAM = 578JV98PW6;
				ENABLE_HARDENED_RUNTIME = YES;
				ENABLE_PREVIEWS = YES;
				GENERATE_INFOPLIST_FILE = YES;
				INFOPLIST_FILE = Resources/Info.plist;
				INFOPLIST_KEY_CFBundleDisplayName = "简单水印";
				INFOPLIST_KEY_LSApplicationCategoryType = "public.app-category.photography";
				INFOPLIST_KEY_NSCameraUsageDescription = "We need access to the camera for taking photos.";
				INFOPLIST_KEY_NSPhotoLibraryAddUsageDescription = "Export user-edited photos";
				"INFOPLIST_KEY_UIApplicationSceneManifest_Generation[sdk=iphoneos*]" = YES;
				"INFOPLIST_KEY_UIApplicationSceneManifest_Generation[sdk=iphonesimulator*]" = YES;
				"INFOPLIST_KEY_UIApplicationSupportsIndirectInputEvents[sdk=iphoneos*]" = YES;
				"INFOPLIST_KEY_UIApplicationSupportsIndirectInputEvents[sdk=iphonesimulator*]" = YES;
				"INFOPLIST_KEY_UILaunchScreen_Generation[sdk=iphoneos*]" = YES;
				"INFOPLIST_KEY_UILaunchScreen_Generation[sdk=iphonesimulator*]" = YES;
				"INFOPLIST_KEY_UIStatusBarStyle[sdk=iphoneos*]" = UIStatusBarStyleDefault;
				"INFOPLIST_KEY_UIStatusBarStyle[sdk=iphonesimulator*]" = UIStatusBarStyleDefault;
				INFOPLIST_KEY_UISupportedInterfaceOrientations = UIInterfaceOrientationPortrait;
				INFOPLIST_KEY_UISupportedInterfaceOrientations_iPad = "UIInterfaceOrientationLandscapeLeft UIInterfaceOrientationLandscapeRight UIInterfaceOrientationPortrait UIInterfaceOrientationPortraitUpsideDown";
				IPHONEOS_DEPLOYMENT_TARGET = 18.0;
				LD_RUNPATH_SEARCH_PATHS = "@executable_path/Frameworks";
				"LD_RUNPATH_SEARCH_PATHS[sdk=macosx*]" = "@executable_path/../Frameworks";
				MACOSX_DEPLOYMENT_TARGET = 15.1;
				MARKETING_VERSION = 1.0;
				PRODUCT_BUNDLE_IDENTIFIER = app.jhc.marker;
				PRODUCT_NAME = "$(TARGET_NAME)";
				SDKROOT = auto;
				SUPPORTED_PLATFORMS = "iphoneos iphonesimulator";
				SUPPORTS_MACCATALYST = NO;
				SWIFT_EMIT_LOC_STRINGS = YES;
				SWIFT_VERSION = 5.0;
				TARGETED_DEVICE_FAMILY = "1,2";
				XROS_DEPLOYMENT_TARGET = 2.1;
			};
			name = Debug;
		};
		0501866A2CEF1AE200EAEA64 /* Release */ = {
			isa = XCBuildConfiguration;
			buildSettings = {
				ASSETCATALOG_COMPILER_APPICON_NAME = AppIcon;
				ASSETCATALOG_COMPILER_GLOBAL_ACCENT_COLOR_NAME = AccentColor;
				ASSETCATALOG_COMPILER_INCLUDE_ALL_APPICON_ASSETS = NO;
				CODE_SIGN_ENTITLEMENTS = Resources/Marker.entitlements;
				CODE_SIGN_STYLE = Automatic;
				CURRENT_PROJECT_VERSION = 1;
				DEAD_CODE_STRIPPING = YES;
				DEVELOPMENT_ASSET_PATHS = "Resources/\"Preview Content\"";
				DEVELOPMENT_TEAM = 578JV98PW6;
				ENABLE_HARDENED_RUNTIME = YES;
				ENABLE_PREVIEWS = YES;
				GENERATE_INFOPLIST_FILE = YES;
				INFOPLIST_FILE = Resources/Info.plist;
				INFOPLIST_KEY_CFBundleDisplayName = "简单水印";
				INFOPLIST_KEY_LSApplicationCategoryType = "public.app-category.photography";
				INFOPLIST_KEY_NSCameraUsageDescription = "We need access to the camera for taking photos.";
				INFOPLIST_KEY_NSPhotoLibraryAddUsageDescription = "Export user-edited photos";
				"INFOPLIST_KEY_UIApplicationSceneManifest_Generation[sdk=iphoneos*]" = YES;
				"INFOPLIST_KEY_UIApplicationSceneManifest_Generation[sdk=iphonesimulator*]" = YES;
				"INFOPLIST_KEY_UIApplicationSupportsIndirectInputEvents[sdk=iphoneos*]" = YES;
				"INFOPLIST_KEY_UIApplicationSupportsIndirectInputEvents[sdk=iphonesimulator*]" = YES;
				"INFOPLIST_KEY_UILaunchScreen_Generation[sdk=iphoneos*]" = YES;
				"INFOPLIST_KEY_UILaunchScreen_Generation[sdk=iphonesimulator*]" = YES;
				"INFOPLIST_KEY_UIStatusBarStyle[sdk=iphoneos*]" = UIStatusBarStyleDefault;
				"INFOPLIST_KEY_UIStatusBarStyle[sdk=iphonesimulator*]" = UIStatusBarStyleDefault;
				INFOPLIST_KEY_UISupportedInterfaceOrientations = UIInterfaceOrientationPortrait;
				INFOPLIST_KEY_UISupportedInterfaceOrientations_iPad = "UIInterfaceOrientationLandscapeLeft UIInterfaceOrientationLandscapeRight UIInterfaceOrientationPortrait UIInterfaceOrientationPortraitUpsideDown";
				IPHONEOS_DEPLOYMENT_TARGET = 18.0;
				LD_RUNPATH_SEARCH_PATHS = "@executable_path/Frameworks";
				"LD_RUNPATH_SEARCH_PATHS[sdk=macosx*]" = "@executable_path/../Frameworks";
				MACOSX_DEPLOYMENT_TARGET = 15.1;
				MARKETING_VERSION = 1.0;
				PRODUCT_BUNDLE_IDENTIFIER = app.jhc.marker;
				PRODUCT_NAME = "$(TARGET_NAME)";
				SDKROOT = auto;
				SUPPORTED_PLATFORMS = "iphoneos iphonesimulator";
				SUPPORTS_MACCATALYST = NO;
				SWIFT_EMIT_LOC_STRINGS = YES;
				SWIFT_VERSION = 5.0;
				TARGETED_DEVICE_FAMILY = "1,2";
				XROS_DEPLOYMENT_TARGET = 2.1;
			};
			name = Release;
		};
/* End XCBuildConfiguration section */

/* Begin XCConfigurationList section */
		050186542CEF1AE000EAEA64 /* Build configuration list for PBXProject "Marker" */ = {
			isa = XCConfigurationList;
			buildConfigurations = (
				050186662CEF1AE200EAEA64 /* Debug */,
				050186672CEF1AE200EAEA64 /* Release */,
			);
			defaultConfigurationIsVisible = 0;
			defaultConfigurationName = Release;
		};
		050186682CEF1AE200EAEA64 /* Build configuration list for PBXNativeTarget "Marker" */ = {
			isa = XCConfigurationList;
			buildConfigurations = (
				050186692CEF1AE200EAEA64 /* Debug */,
				0501866A2CEF1AE200EAEA64 /* Release */,
			);
			defaultConfigurationIsVisible = 0;
			defaultConfigurationName = Release;
		};
/* End XCConfigurationList section */
	};
	rootObject = 050186512CEF1AE000EAEA64 /* Project object */;
}
